
Microsoft Visual Studio Solution File, Format Version 12.00
# Visual Studio Version 16
VisualStudioVersion = 16.0.31105.61
MinimumVisualStudioVersion = 10.0.40219.1
Project("{FAE04EC0-301F-11D3-BF4B-00C04F79EFBC}") = "TestApp", "TestApp\TestApp.csproj", "{D9A23277-2606-41B6-8C4F-4920E487DF5A}"
EndProject
Global
	GlobalSection(SolutionConfigurationPlatforms) = preSolution
		Debug|Any CPU = Debug|Any CPU
		Release|Any CPU = Release|Any CPU
	EndGlobalSection
	GlobalSection(ProjectConfigurationPlatforms) = postSolution
		{D9A23277-2606-41B6-8C4F-4920E487DF5A}.Debug|Any CPU.ActiveCfg = Debug|Any CPU
		{D9A23277-2606-41B6-8C4F-4920E487DF5A}.Debug|Any CPU.Build.0 = Debug|Any CPU
		{D9A23277-2606-41B6-8C4F-4920E487DF5A}.Release|Any CPU.ActiveCfg = Release|Any CPU
		{D9A23277-2606-41B6-8C4F-4920E487DF5A}.Release|Any CPU.Build.0 = Release|Any CPU
	EndGlobalSection
	GlobalSection(SolutionProperties) = preSolution
		HideSolutionNode = FALSE
	EndGlobalSection
	GlobalSection(ExtensibilityGlobals) = postSolution
		SolutionGuid = {79204C3D-91D3-4DED-A7F2-8B3B3D1A102E}
	EndGlobalSection
EndGlobal
